
Microsoft Visual Studio Solution File, Format Version 12.00
# Visual Studio Version 18
VisualStudioVersion = 18.8.12023.21 stable
MinimumVisualStudioVersion = 10.0.40219.1
Project("{FAE04EC0-301F-11D3-BF4B-00C04F79EFBC}") = "RandomNumbers", "RandomNumbers\RandomNumbers.csproj", "{9B5B861C-22C3-470F-8087-4330F4482E55}"
EndProject
Project("{FAE04EC0-301F-11D3-BF4B-00C04F79EFBC}") = "RandomNumbersTests", "RandomNumbersTests\RandomNumbersTests.csproj", "{8EB54751-D2D0-422A-A3B0-37FD1015BD9E}"
EndProject
Project("{2150E333-8FDC-42A3-9474-1A3956D46DE8}") = "Solution Files", "Solution Files", "{324C9C10-8BD7-4872-A6F0-19A5523F99DF}"
	ProjectSection(SolutionItems) = preProject
		.gitignore = .gitignore
		CLAUDE.md = CLAUDE.md
		LICENSE.txt = LICENSE.txt
		README.md = README.md
	EndProjectSection
EndProject
Global
	GlobalSection(SolutionConfigurationPlatforms) = preSolution
		Debug|Any CPU = Debug|Any CPU
		Release|Any CPU = Release|Any CPU
	EndGlobalSection
	GlobalSection(ProjectConfigurationPlatforms) = postSolution
		{9B5B861C-22C3-470F-8087-4330F4482E55}.Debug|Any CPU.ActiveCfg = Debug|Any CPU
		{9B5B861C-22C3-470F-8087-4330F4482E55}.Debug|Any CPU.Build.0 = Debug|Any CPU
		{9B5B861C-22C3-470F-8087-4330F4482E55}.Release|Any CPU.ActiveCfg = Release|Any CPU
		{9B5B861C-22C3-470F-8087-4330F4482E55}.Release|Any CPU.Build.0 = Release|Any CPU
		{8EB54751-D2D0-422A-A3B0-37FD1015BD9E}.Debug|Any CPU.ActiveCfg = Debug|Any CPU
		{8EB54751-D2D0-422A-A3B0-37FD1015BD9E}.Debug|Any CPU.Build.0 = Debug|Any CPU
		{8EB54751-D2D0-422A-A3B0-37FD1015BD9E}.Release|Any CPU.ActiveCfg = Release|Any CPU
		{8EB54751-D2D0-422A-A3B0-37FD1015BD9E}.Release|Any CPU.Build.0 = Release|Any CPU
	EndGlobalSection
	GlobalSection(SolutionProperties) = preSolution
		HideSolutionNode = FALSE
	EndGlobalSection
	GlobalSection(ExtensibilityGlobals) = postSolution
		SolutionGuid = {53FC08B2-7EDB-4C50-86CC-0AA0219DE1B6}
	EndGlobalSection
EndGlobal
