
Microsoft Visual Studio Solution File, Format Version 12.00
# Visual Studio 14
VisualStudioVersion = 14.0.25420.1
MinimumVisualStudioVersion = 10.0.40219.1
Project("{FAE04EC0-301F-11D3-BF4B-00C04F79EFBC}") = "RandomNumbers", "RandomNumbers\RandomNumbers.csproj", "{EA669437-C8FD-4273-9ACC-FDA2FA460466}"
EndProject
Project("{FAE04EC0-301F-11D3-BF4B-00C04F79EFBC}") = "RandomNumbersTests", "RandomNumbersTests\RandomNumbersTests.csproj", "{64C9D698-D633-4AC0-A6FA-D84869590A15}"
EndProject
Global
	GlobalSection(SolutionConfigurationPlatforms) = preSolution
		Debug|Any CPU = Debug|Any CPU
		Release|Any CPU = Release|Any CPU
	EndGlobalSection
	GlobalSection(ProjectConfigurationPlatforms) = postSolution
		{EA669437-C8FD-4273-9ACC-FDA2FA460466}.Debug|Any CPU.ActiveCfg = Debug|Any CPU
		{EA669437-C8FD-4273-9ACC-FDA2FA460466}.Debug|Any CPU.Build.0 = Debug|Any CPU
		{EA669437-C8FD-4273-9ACC-FDA2FA460466}.Release|Any CPU.ActiveCfg = Release|Any CPU
		{EA669437-C8FD-4273-9ACC-FDA2FA460466}.Release|Any CPU.Build.0 = Release|Any CPU
		{64C9D698-D633-4AC0-A6FA-D84869590A15}.Debug|Any CPU.ActiveCfg = Debug|Any CPU
		{64C9D698-D633-4AC0-A6FA-D84869590A15}.Debug|Any CPU.Build.0 = Debug|Any CPU
		{64C9D698-D633-4AC0-A6FA-D84869590A15}.Release|Any CPU.ActiveCfg = Release|Any CPU
		{64C9D698-D633-4AC0-A6FA-D84869590A15}.Release|Any CPU.Build.0 = Release|Any CPU
	EndGlobalSection
	GlobalSection(SolutionProperties) = preSolution
		HideSolutionNode = FALSE
	EndGlobalSection
EndGlobal
